
Microsoft Visual Studio Solution File, Format Version 12.00
# Visual Studio Version 16
VisualStudioVersion = 16.0.29806.167
MinimumVisualStudioVersion = 10.0.40219.1
Project("{FAE04EC0-301F-11D3-BF4B-00C04F79EFBC}") = "FootballLeague", "FootballLeague\FootballLeague.csproj", "{4AEEF4D5-56A3-4E35-9003-4BE0048AEA99}"
EndProject
Project("{FAE04EC0-301F-11D3-BF4B-00C04F79EFBC}") = "FootballLeague.Data", "FootballLeague.Data\FootballLeague.Data.csproj", "{BD1C2AEB-53AD-47F7-84C9-01C7527F6593}"
EndProject
Global
	GlobalSection(SolutionConfigurationPlatforms) = preSolution
		Debug|Any CPU = Debug|Any CPU
		Release|Any CPU = Release|Any CPU
	EndGlobalSection
	GlobalSection(ProjectConfigurationPlatforms) = postSolution
		{4AEEF4D5-56A3-4E35-9003-4BE0048AEA99}.Debug|Any CPU.ActiveCfg = Debug|Any CPU
		{4AEEF4D5-56A3-4E35-9003-4BE0048AEA99}.Debug|Any CPU.Build.0 = Debug|Any CPU
		{4AEEF4D5-56A3-4E35-9003-4BE0048AEA99}.Release|Any CPU.ActiveCfg = Release|Any CPU
		{4AEEF4D5-56A3-4E35-9003-4BE0048AEA99}.Release|Any CPU.Build.0 = Release|Any CPU
		{BD1C2AEB-53AD-47F7-84C9-01C7527F6593}.Debug|Any CPU.ActiveCfg = Debug|Any CPU
		{BD1C2AEB-53AD-47F7-84C9-01C7527F6593}.Debug|Any CPU.Build.0 = Debug|Any CPU
		{BD1C2AEB-53AD-47F7-84C9-01C7527F6593}.Release|Any CPU.ActiveCfg = Release|Any CPU
		{BD1C2AEB-53AD-47F7-84C9-01C7527F6593}.Release|Any CPU.Build.0 = Release|Any CPU
	EndGlobalSection
	GlobalSection(SolutionProperties) = preSolution
		HideSolutionNode = FALSE
	EndGlobalSection
	GlobalSection(ExtensibilityGlobals) = postSolution
		SolutionGuid = {25525294-5C5B-40F2-9982-F19330A6ADAB}
	EndGlobalSection
EndGlobal
